// !$*UTF8*$!
{
	archiveVersion = 1;
	classes = {
	};
	objectVersion = 56;
	objects = {

/* Begin PBXBuildFile section */
		277979B82A8B8381009F9EEB /* DetailViewController.swift in Sources */ = {isa = PBXBuildFile; fileRef = 277979B62A8B8381009F9EEB /* DetailViewController.swift */; };
		277979B92A8B8381009F9EEB /* DetailViewController.xib in Resources */ = {isa = PBXBuildFile; fileRef = 277979B72A8B8381009F9EEB /* DetailViewController.xib */; };
		277979BD2A8B8799009F9EEB /* LoveButton.swift in Sources */ = {isa = PBXBuildFile; fileRef = 277979BC2A8B8799009F9EEB /* LoveButton.swift */; };
		277979C02A8C5A73009F9EEB /* GameViewModel.swift in Sources */ = {isa = PBXBuildFile; fileRef = 277979BF2A8C5A73009F9EEB /* GameViewModel.swift */; };
		277979C22A8C63FA009F9EEB /* UIImageViewExt.swift in Sources */ = {isa = PBXBuildFile; fileRef = 277979C12A8C63FA009F9EEB /* UIImageViewExt.swift */; };
		277979C42A8C66ED009F9EEB /* DetailGameUseCase.swift in Sources */ = {isa = PBXBuildFile; fileRef = 277979C32A8C66ED009F9EEB /* DetailGameUseCase.swift */; };
		277979C62A8C66FB009F9EEB /* DetailViewModel.swift in Sources */ = {isa = PBXBuildFile; fileRef = 277979C52A8C66FB009F9EEB /* DetailViewModel.swift */; };
		277979C92A8CA6E7009F9EEB /* Game.xcdatamodeld in Sources */ = {isa = PBXBuildFile; fileRef = 277979C72A8CA6E7009F9EEB /* Game.xcdatamodeld */; };
		277979CB2A8CAC80009F9EEB /* GameLocalDataSourceProtocol.swift in Sources */ = {isa = PBXBuildFile; fileRef = 277979CA2A8CAC80009F9EEB /* GameLocalDataSourceProtocol.swift */; };
		277979CD2A8CACA7009F9EEB /* GameLocalDataSource.swift in Sources */ = {isa = PBXBuildFile; fileRef = 277979CC2A8CACA7009F9EEB /* GameLocalDataSource.swift */; };
		277979D02A8CADAD009F9EEB /* PersistenceController.swift in Sources */ = {isa = PBXBuildFile; fileRef = 277979CF2A8CADAD009F9EEB /* PersistenceController.swift */; };
		277979D32A8CBA62009F9EEB /* GameModelMapper.swift in Sources */ = {isa = PBXBuildFile; fileRef = 277979D22A8CBA62009F9EEB /* GameModelMapper.swift */; };
		277979D52A8CF6FC009F9EEB /* ListFavoritesUseCase.swift in Sources */ = {isa = PBXBuildFile; fileRef = 277979D42A8CF6FC009F9EEB /* ListFavoritesUseCase.swift */; };
		277979D72A8CF827009F9EEB /* ListFavoritesViewModel.swift in Sources */ = {isa = PBXBuildFile; fileRef = 277979D62A8CF827009F9EEB /* ListFavoritesViewModel.swift */; };
		2785FBE12A8D9EE90012A638 /* Alert.swift in Sources */ = {isa = PBXBuildFile; fileRef = 2785FBE02A8D9EE90012A638 /* Alert.swift */; };
		27E214CB2A8A698900E66805 /* AppDelegate.swift in Sources */ = {isa = PBXBuildFile; fileRef = 27E214CA2A8A698900E66805 /* AppDelegate.swift */; };
		27E214CD2A8A698900E66805 /* SceneDelegate.swift in Sources */ = {isa = PBXBuildFile; fileRef = 27E214CC2A8A698900E66805 /* SceneDelegate.swift */; };
		27E214CF2A8A698900E66805 /* ViewController.swift in Sources */ = {isa = PBXBuildFile; fileRef = 27E214CE2A8A698900E66805 /* ViewController.swift */; };
		27E214D22A8A698900E66805 /* Main.storyboard in Resources */ = {isa = PBXBuildFile; fileRef = 27E214D02A8A698900E66805 /* Main.storyboard */; };
		27E214D42A8A698A00E66805 /* Assets.xcassets in Resources */ = {isa = PBXBuildFile; fileRef = 27E214D32A8A698A00E66805 /* Assets.xcassets */; };
		27E214D72A8A698A00E66805 /* LaunchScreen.storyboard in Resources */ = {isa = PBXBuildFile; fileRef = 27E214D52A8A698A00E66805 /* LaunchScreen.storyboard */; };
		27E214E02A8A6C9500E66805 /* NetworkConfig.swift in Sources */ = {isa = PBXBuildFile; fileRef = 27E214DF2A8A6C9500E66805 /* NetworkConfig.swift */; };
		27E214E22A8A6E2700E66805 /* NetworkEndpointProtocol.swift in Sources */ = {isa = PBXBuildFile; fileRef = 27E214E12A8A6E2700E66805 /* NetworkEndpointProtocol.swift */; };
		27E214E72A8A710300E66805 /* GameEndpoint.swift in Sources */ = {isa = PBXBuildFile; fileRef = 27E214E62A8A710300E66805 /* GameEndpoint.swift */; };
		27E214E92A8A759200E66805 /* NetworkService.swift in Sources */ = {isa = PBXBuildFile; fileRef = 27E214E82A8A759200E66805 /* NetworkService.swift */; };
		27E214EC2A8A769B00E66805 /* AppError.swift in Sources */ = {isa = PBXBuildFile; fileRef = 27E214EB2A8A769B00E66805 /* AppError.swift */; };
		27E214F02A8A782600E66805 /* GameRemoteDataSource.swift in Sources */ = {isa = PBXBuildFile; fileRef = 27E214EF2A8A782600E66805 /* GameRemoteDataSource.swift */; };
		27E214F22A8A783A00E66805 /* GameRemoteDataSourceProtocol.swift in Sources */ = {isa = PBXBuildFile; fileRef = 27E214F12A8A783A00E66805 /* GameRemoteDataSourceProtocol.swift */; };
		27E214F52A8A7B9600E66805 /* GameRepository.swift in Sources */ = {isa = PBXBuildFile; fileRef = 27E214F42A8A7B9600E66805 /* GameRepository.swift */; };
		27E214F72A8A7BA300E66805 /* GameRepositoryProtocol.swift in Sources */ = {isa = PBXBuildFile; fileRef = 27E214F62A8A7BA300E66805 /* GameRepositoryProtocol.swift */; };
		27E214FA2A8A7D2200E66805 /* Injection.swift in Sources */ = {isa = PBXBuildFile; fileRef = 27E214F92A8A7D2200E66805 /* Injection.swift */; };
		27E214FD2A8AF4F700E66805 /* GameModel.swift in Sources */ = {isa = PBXBuildFile; fileRef = 27E214FC2A8AF4F700E66805 /* GameModel.swift */; };
		27E215002A8AFBA400E66805 /* ListGameResponse.swift in Sources */ = {isa = PBXBuildFile; fileRef = 27E214FF2A8AFBA400E66805 /* ListGameResponse.swift */; };
		27E215032A8B244500E66805 /* PublisherModel.swift in Sources */ = {isa = PBXBuildFile; fileRef = 27E215022A8B244500E66805 /* PublisherModel.swift */; };
		27E215082A8B318400E66805 /* ListGamesUseCase.swift in Sources */ = {isa = PBXBuildFile; fileRef = 27E215072A8B318400E66805 /* ListGamesUseCase.swift */; };
		27E2150C2A8B330700E66805 /* TabViewController.swift in Sources */ = {isa = PBXBuildFile; fileRef = 27E2150B2A8B330700E66805 /* TabViewController.swift */; };
		27E215102A8B33F500E66805 /* ListGamesViewController.swift in Sources */ = {isa = PBXBuildFile; fileRef = 27E2150E2A8B33F500E66805 /* ListGamesViewController.swift */; };
		27E215112A8B33F500E66805 /* ListGamesViewController.xib in Resources */ = {isa = PBXBuildFile; fileRef = 27E2150F2A8B33F500E66805 /* ListGamesViewController.xib */; };
		27E215152A8B343B00E66805 /* ListFavoritesViewController.swift in Sources */ = {isa = PBXBuildFile; fileRef = 27E215132A8B343B00E66805 /* ListFavoritesViewController.swift */; };
		27E215162A8B343B00E66805 /* ListFavoritesViewController.xib in Resources */ = {isa = PBXBuildFile; fileRef = 27E215142A8B343B00E66805 /* ListFavoritesViewController.xib */; };
		27E215192A8B348E00E66805 /* UIColorExt.swift in Sources */ = {isa = PBXBuildFile; fileRef = 27E215182A8B348E00E66805 /* UIColorExt.swift */; };
		27E2151B2A8B3F2E00E66805 /* ListGamesViewModel.swift in Sources */ = {isa = PBXBuildFile; fileRef = 27E2151A2A8B3F2E00E66805 /* ListGamesViewModel.swift */; };
		27E215212A8B467D00E66805 /* GameTableViewCell.swift in Sources */ = {isa = PBXBuildFile; fileRef = 27E2151F2A8B467D00E66805 /* GameTableViewCell.swift */; };
		27E215222A8B467D00E66805 /* GameTableViewCell.xib in Resources */ = {isa = PBXBuildFile; fileRef = 27E215202A8B467D00E66805 /* GameTableViewCell.xib */; };
/* End PBXBuildFile section */

/* Begin PBXFileReference section */
		277979B62A8B8381009F9EEB /* DetailViewController.swift */ = {isa = PBXFileReference; lastKnownFileType = sourcecode.swift; path = DetailViewController.swift; sourceTree = "<group>"; };
		277979B72A8B8381009F9EEB /* DetailViewController.xib */ = {isa = PBXFileReference; lastKnownFileType = file.xib; path = DetailViewController.xib; sourceTree = "<group>"; };
		277979BC2A8B8799009F9EEB /* LoveButton.swift */ = {isa = PBXFileReference; lastKnownFileType = sourcecode.swift; path = LoveButton.swift; sourceTree = "<group>"; };
		277979BF2A8C5A73009F9EEB /* GameViewModel.swift */ = {isa = PBXFileReference; lastKnownFileType = sourcecode.swift; path = GameViewModel.swift; sourceTree = "<group>"; };
		277979C12A8C63FA009F9EEB /* UIImageViewExt.swift */ = {isa = PBXFileReference; lastKnownFileType = sourcecode.swift; path = UIImageViewExt.swift; sourceTree = "<group>"; };
		277979C32A8C66ED009F9EEB /* DetailGameUseCase.swift */ = {isa = PBXFileReference; lastKnownFileType = sourcecode.swift; path = DetailGameUseCase.swift; sourceTree = "<group>"; };
		277979C52A8C66FB009F9EEB /* DetailViewModel.swift */ = {isa = PBXFileReference; lastKnownFileType = sourcecode.swift; path = DetailViewModel.swift; sourceTree = "<group>"; };
		277979C82A8CA6E7009F9EEB /* Game.xcdatamodel */ = {isa = PBXFileReference; lastKnownFileType = wrapper.xcdatamodel; path = Game.xcdatamodel; sourceTree = "<group>"; };
		277979CA2A8CAC80009F9EEB /* GameLocalDataSourceProtocol.swift */ = {isa = PBXFileReference; lastKnownFileType = sourcecode.swift; path = GameLocalDataSourceProtocol.swift; sourceTree = "<group>"; };
		277979CC2A8CACA7009F9EEB /* GameLocalDataSource.swift */ = {isa = PBXFileReference; lastKnownFileType = sourcecode.swift; path = GameLocalDataSource.swift; sourceTree = "<group>"; };
		277979CF2A8CADAD009F9EEB /* PersistenceController.swift */ = {isa = PBXFileReference; lastKnownFileType = sourcecode.swift; path = PersistenceController.swift; sourceTree = "<group>"; };
		277979D22A8CBA62009F9EEB /* GameModelMapper.swift */ = {isa = PBXFileReference; lastKnownFileType = sourcecode.swift; path = GameModelMapper.swift; sourceTree = "<group>"; };
		277979D42A8CF6FC009F9EEB /* ListFavoritesUseCase.swift */ = {isa = PBXFileReference; lastKnownFileType = sourcecode.swift; path = ListFavoritesUseCase.swift; sourceTree = "<group>"; };
		277979D62A8CF827009F9EEB /* ListFavoritesViewModel.swift */ = {isa = PBXFileReference; lastKnownFileType = sourcecode.swift; path = ListFavoritesViewModel.swift; sourceTree = "<group>"; };
		2785FBE02A8D9EE90012A638 /* Alert.swift */ = {isa = PBXFileReference; lastKnownFileType = sourcecode.swift; path = Alert.swift; sourceTree = "<group>"; };
		27E214C72A8A698900E66805 /* PerqaraTest.app */ = {isa = PBXFileReference; explicitFileType = wrapper.application; includeInIndex = 0; path = PerqaraTest.app; sourceTree = BUILT_PRODUCTS_DIR; };
		27E214CA2A8A698900E66805 /* AppDelegate.swift */ = {isa = PBXFileReference; lastKnownFileType = sourcecode.swift; path = AppDelegate.swift; sourceTree = "<group>"; };
		27E214CC2A8A698900E66805 /* SceneDelegate.swift */ = {isa = PBXFileReference; lastKnownFileType = sourcecode.swift; path = SceneDelegate.swift; sourceTree = "<group>"; };
		27E214CE2A8A698900E66805 /* ViewController.swift */ = {isa = PBXFileReference; lastKnownFileType = sourcecode.swift; path = ViewController.swift; sourceTree = "<group>"; };
		27E214D12A8A698900E66805 /* Base */ = {isa = PBXFileReference; lastKnownFileType = file.storyboard; name = Base; path = Base.lproj/Main.storyboard; sourceTree = "<group>"; };
		27E214D32A8A698A00E66805 /* Assets.xcassets */ = {isa = PBXFileReference; lastKnownFileType = folder.assetcatalog; path = Assets.xcassets; sourceTree = "<group>"; };
		27E214D62A8A698A00E66805 /* Base */ = {isa = PBXFileReference; lastKnownFileType = file.storyboard; name = Base; path = Base.lproj/LaunchScreen.storyboard; sourceTree = "<group>"; };
		27E214D82A8A698A00E66805 /* Info.plist */ = {isa = PBXFileReference; lastKnownFileType = text.plist.xml; path = Info.plist; sourceTree = "<group>"; };
		27E214DF2A8A6C9500E66805 /* NetworkConfig.swift */ = {isa = PBXFileReference; lastKnownFileType = sourcecode.swift; path = NetworkConfig.swift; sourceTree = "<group>"; };
		27E214E12A8A6E2700E66805 /* NetworkEndpointProtocol.swift */ = {isa = PBXFileReference; lastKnownFileType = sourcecode.swift; path = NetworkEndpointProtocol.swift; sourceTree = "<group>"; };
		27E214E62A8A710300E66805 /* GameEndpoint.swift */ = {isa = PBXFileReference; lastKnownFileType = sourcecode.swift; path = GameEndpoint.swift; sourceTree = "<group>"; };
		27E214E82A8A759200E66805 /* NetworkService.swift */ = {isa = PBXFileReference; lastKnownFileType = sourcecode.swift; path = NetworkService.swift; sourceTree = "<group>"; };
		27E214EB2A8A769B00E66805 /* AppError.swift */ = {isa = PBXFileReference; lastKnownFileType = sourcecode.swift; path = AppError.swift; sourceTree = "<group>"; };
		27E214EF2A8A782600E66805 /* GameRemoteDataSource.swift */ = {isa = PBXFileReference; lastKnownFileType = sourcecode.swift; path = GameRemoteDataSource.swift; sourceTree = "<group>"; };
		27E214F12A8A783A00E66805 /* GameRemoteDataSourceProtocol.swift */ = {isa = PBXFileReference; lastKnownFileType = sourcecode.swift; path = GameRemoteDataSourceProtocol.swift; sourceTree = "<group>"; };
		27E214F42A8A7B9600E66805 /* GameRepository.swift */ = {isa = PBXFileReference; lastKnownFileType = sourcecode.swift; path = GameRepository.swift; sourceTree = "<group>"; };
		27E214F62A8A7BA300E66805 /* GameRepositoryProtocol.swift */ = {isa = PBXFileReference; lastKnownFileType = sourcecode.swift; path = GameRepositoryProtocol.swift; sourceTree = "<group>"; };
		27E214F92A8A7D2200E66805 /* Injection.swift */ = {isa = PBXFileReference; lastKnownFileType = sourcecode.swift; path = Injection.swift; sourceTree = "<group>"; };
		27E214FC2A8AF4F700E66805 /* GameModel.swift */ = {isa = PBXFileReference; lastKnownFileType = sourcecode.swift; path = GameModel.swift; sourceTree = "<group>"; };
		27E214FF2A8AFBA400E66805 /* ListGameResponse.swift */ = {isa = PBXFileReference; lastKnownFileType = sourcecode.swift; path = ListGameResponse.swift; sourceTree = "<group>"; };
		27E215022A8B244500E66805 /* PublisherModel.swift */ = {isa = PBXFileReference; lastKnownFileType = sourcecode.swift; path = PublisherModel.swift; sourceTree = "<group>"; };
		27E215072A8B318400E66805 /* ListGamesUseCase.swift */ = {isa = PBXFileReference; lastKnownFileType = sourcecode.swift; path = ListGamesUseCase.swift; sourceTree = "<group>"; };
		27E2150B2A8B330700E66805 /* TabViewController.swift */ = {isa = PBXFileReference; lastKnownFileType = sourcecode.swift; path = TabViewController.swift; sourceTree = "<group>"; };
		27E2150E2A8B33F500E66805 /* ListGamesViewController.swift */ = {isa = PBXFileReference; lastKnownFileType = sourcecode.swift; path = ListGamesViewController.swift; sourceTree = "<group>"; };
		27E2150F2A8B33F500E66805 /* ListGamesViewController.xib */ = {isa = PBXFileReference; lastKnownFileType = file.xib; path = ListGamesViewController.xib; sourceTree = "<group>"; };
		27E215132A8B343B00E66805 /* ListFavoritesViewController.swift */ = {isa = PBXFileReference; lastKnownFileType = sourcecode.swift; path = ListFavoritesViewController.swift; sourceTree = "<group>"; };
		27E215142A8B343B00E66805 /* ListFavoritesViewController.xib */ = {isa = PBXFileReference; lastKnownFileType = file.xib; path = ListFavoritesViewController.xib; sourceTree = "<group>"; };
		27E215182A8B348E00E66805 /* UIColorExt.swift */ = {isa = PBXFileReference; lastKnownFileType = sourcecode.swift; path = UIColorExt.swift; sourceTree = "<group>"; };
		27E2151A2A8B3F2E00E66805 /* ListGamesViewModel.swift */ = {isa = PBXFileReference; lastKnownFileType = sourcecode.swift; path = ListGamesViewModel.swift; sourceTree = "<group>"; };
		27E2151F2A8B467D00E66805 /* GameTableViewCell.swift */ = {isa = PBXFileReference; lastKnownFileType = sourcecode.swift; path = GameTableViewCell.swift; sourceTree = "<group>"; };
		27E215202A8B467D00E66805 /* GameTableViewCell.xib */ = {isa = PBXFileReference; lastKnownFileType = file.xib; path = GameTableViewCell.xib; sourceTree = "<group>"; };
/* End PBXFileReference section */

/* Begin PBXFrameworksBuildPhase section */
		27E214C42A8A698900E66805 /* Frameworks */ = {
			isa = PBXFrameworksBuildPhase;
			buildActionMask = 2147483647;
			files = (
			);
			runOnlyForDeploymentPostprocessing = 0;
		};
/* End PBXFrameworksBuildPhase section */

/* Begin PBXGroup section */
		277979B52A8B836D009F9EEB /* DetailGame */ = {
			isa = PBXGroup;
			children = (
				277979B62A8B8381009F9EEB /* DetailViewController.swift */,
				277979B72A8B8381009F9EEB /* DetailViewController.xib */,
				277979C52A8C66FB009F9EEB /* DetailViewModel.swift */,
			);
			path = DetailGame;
			sourceTree = "<group>";
		};
		277979BE2A8C5A1C009F9EEB /* ViewModel */ = {
			isa = PBXGroup;
			children = (
				277979BF2A8C5A73009F9EEB /* GameViewModel.swift */,
			);
			path = ViewModel;
			sourceTree = "<group>";
		};
		277979CE2A8CAD9F009F9EEB /* CoreData */ = {
			isa = PBXGroup;
			children = (
				277979CF2A8CADAD009F9EEB /* PersistenceController.swift */,
			);
			path = CoreData;
			sourceTree = "<group>";
		};
		277979D12A8CBA50009F9EEB /* Mapper */ = {
			isa = PBXGroup;
			children = (
				277979D22A8CBA62009F9EEB /* GameModelMapper.swift */,
			);
			path = Mapper;
			sourceTree = "<group>";
		};
		27E214BE2A8A698900E66805 = {
			isa = PBXGroup;
			children = (
				27E214C92A8A698900E66805 /* PerqaraTest */,
				27E214C82A8A698900E66805 /* Products */,
			);
			sourceTree = "<group>";
		};
		27E214C82A8A698900E66805 /* Products */ = {
			isa = PBXGroup;
			children = (
				27E214C72A8A698900E66805 /* PerqaraTest.app */,
			);
			name = Products;
			sourceTree = "<group>";
		};
		27E214C92A8A698900E66805 /* PerqaraTest */ = {
			isa = PBXGroup;
			children = (
				27E215092A8B32D800E66805 /* UI */,
				27E215012A8B216A00E66805 /* Domain */,
				27E214FB2A8AF4E400E66805 /* Model */,
				27E214ED2A8A77C000E66805 /* Data */,
				27E214EA2A8A768F00E66805 /* Helper */,
				27E214DE2A8A6C4D00E66805 /* Service */,
				27E214CA2A8A698900E66805 /* AppDelegate.swift */,
				27E214CC2A8A698900E66805 /* SceneDelegate.swift */,
				27E214CE2A8A698900E66805 /* ViewController.swift */,
				27E214D02A8A698900E66805 /* Main.storyboard */,
				27E214D32A8A698A00E66805 /* Assets.xcassets */,
				27E214D52A8A698A00E66805 /* LaunchScreen.storyboard */,
				27E214D82A8A698A00E66805 /* Info.plist */,
				277979C72A8CA6E7009F9EEB /* Game.xcdatamodeld */,
			);
			path = PerqaraTest;
			sourceTree = "<group>";
		};
		27E214DE2A8A6C4D00E66805 /* Service */ = {
			isa = PBXGroup;
			children = (
				277979CE2A8CAD9F009F9EEB /* CoreData */,
				27E214E52A8A70F700E66805 /* Endpoint */,
				27E214DF2A8A6C9500E66805 /* NetworkConfig.swift */,
				27E214E12A8A6E2700E66805 /* NetworkEndpointProtocol.swift */,
				27E214E82A8A759200E66805 /* NetworkService.swift */,
			);
			path = Service;
			sourceTree = "<group>";
		};
		27E214E52A8A70F700E66805 /* Endpoint */ = {
			isa = PBXGroup;
			children = (
				27E214E62A8A710300E66805 /* GameEndpoint.swift */,
			);
			path = Endpoint;
			sourceTree = "<group>";
		};
		27E214EA2A8A768F00E66805 /* Helper */ = {
			isa = PBXGroup;
			children = (
				277979D12A8CBA50009F9EEB /* Mapper */,
				27E215172A8B348200E66805 /* Extension */,
				27E214EB2A8A769B00E66805 /* AppError.swift */,
				27E214F92A8A7D2200E66805 /* Injection.swift */,
				2785FBE02A8D9EE90012A638 /* Alert.swift */,
			);
			path = Helper;
			sourceTree = "<group>";
		};
		27E214ED2A8A77C000E66805 /* Data */ = {
			isa = PBXGroup;
			children = (
				27E214F32A8A7B8400E66805 /* Repository */,
				27E214EE2A8A780B00E66805 /* DataSource */,
			);
			path = Data;
			sourceTree = "<group>";
		};
		27E214EE2A8A780B00E66805 /* DataSource */ = {
			isa = PBXGroup;
			children = (
				27E214F12A8A783A00E66805 /* GameRemoteDataSourceProtocol.swift */,
				27E214EF2A8A782600E66805 /* GameRemoteDataSource.swift */,
				277979CA2A8CAC80009F9EEB /* GameLocalDataSourceProtocol.swift */,
				277979CC2A8CACA7009F9EEB /* GameLocalDataSource.swift */,
			);
			path = DataSource;
			sourceTree = "<group>";
		};
		27E214F32A8A7B8400E66805 /* Repository */ = {
			isa = PBXGroup;
			children = (
				27E214F62A8A7BA300E66805 /* GameRepositoryProtocol.swift */,
				27E214F42A8A7B9600E66805 /* GameRepository.swift */,
			);
			path = Repository;
			sourceTree = "<group>";
		};
		27E214FB2A8AF4E400E66805 /* Model */ = {
			isa = PBXGroup;
			children = (
				27E214FE2A8AFB8E00E66805 /* Response */,
				27E214FC2A8AF4F700E66805 /* GameModel.swift */,
				27E215022A8B244500E66805 /* PublisherModel.swift */,
			);
			path = Model;
			sourceTree = "<group>";
		};
		27E214FE2A8AFB8E00E66805 /* Response */ = {
			isa = PBXGroup;
			children = (
				27E214FF2A8AFBA400E66805 /* ListGameResponse.swift */,
			);
			path = Response;
			sourceTree = "<group>";
		};
		27E215012A8B216A00E66805 /* Domain */ = {
			isa = PBXGroup;
			children = (
				27E215062A8B316000E66805 /* UseCase */,
			);
			path = Domain;
			sourceTree = "<group>";
		};
		27E215062A8B316000E66805 /* UseCase */ = {
			isa = PBXGroup;
			children = (
				27E215072A8B318400E66805 /* ListGamesUseCase.swift */,
				277979C32A8C66ED009F9EEB /* DetailGameUseCase.swift */,
				277979D42A8CF6FC009F9EEB /* ListFavoritesUseCase.swift */,
			);
			path = UseCase;
			sourceTree = "<group>";
		};
		27E215092A8B32D800E66805 /* UI */ = {
			isa = PBXGroup;
			children = (
				277979BE2A8C5A1C009F9EEB /* ViewModel */,
				27E2151C2A8B461400E66805 /* SubViews */,
				277979B52A8B836D009F9EEB /* DetailGame */,
				27E215122A8B342700E66805 /* ListFavorites */,
				27E2150D2A8B33D500E66805 /* ListGames */,
				27E2150A2A8B32EB00E66805 /* Tab */,
			);
			path = UI;
			sourceTree = "<group>";
		};
		27E2150A2A8B32EB00E66805 /* Tab */ = {
			isa = PBXGroup;
			children = (
				27E2150B2A8B330700E66805 /* TabViewController.swift */,
			);
			path = Tab;
			sourceTree = "<group>";
		};
		27E2150D2A8B33D500E66805 /* ListGames */ = {
			isa = PBXGroup;
			children = (
				27E2150E2A8B33F500E66805 /* ListGamesViewController.swift */,
				27E2150F2A8B33F500E66805 /* ListGamesViewController.xib */,
				27E2151A2A8B3F2E00E66805 /* ListGamesViewModel.swift */,
			);
			path = ListGames;
			sourceTree = "<group>";
		};
		27E215122A8B342700E66805 /* ListFavorites */ = {
			isa = PBXGroup;
			children = (
				27E215132A8B343B00E66805 /* ListFavoritesViewController.swift */,
				27E215142A8B343B00E66805 /* ListFavoritesViewController.xib */,
				277979D62A8CF827009F9EEB /* ListFavoritesViewModel.swift */,
			);
			path = ListFavorites;
			sourceTree = "<group>";
		};
		27E215172A8B348200E66805 /* Extension */ = {
			isa = PBXGroup;
			children = (
				27E215182A8B348E00E66805 /* UIColorExt.swift */,
				277979C12A8C63FA009F9EEB /* UIImageViewExt.swift */,
			);
			path = Extension;
			sourceTree = "<group>";
		};
		27E2151C2A8B461400E66805 /* SubViews */ = {
			isa = PBXGroup;
			children = (
				27E2151F2A8B467D00E66805 /* GameTableViewCell.swift */,
				27E215202A8B467D00E66805 /* GameTableViewCell.xib */,
				277979BC2A8B8799009F9EEB /* LoveButton.swift */,
			);
			path = SubViews;
			sourceTree = "<group>";
		};
/* End PBXGroup section */

/* Begin PBXNativeTarget section */
		27E214C62A8A698900E66805 /* PerqaraTest */ = {
			isa = PBXNativeTarget;
			buildConfigurationList = 27E214DB2A8A698A00E66805 /* Build configuration list for PBXNativeTarget "PerqaraTest" */;
			buildPhases = (
				27E214C32A8A698900E66805 /* Sources */,
				27E214C42A8A698900E66805 /* Frameworks */,
				27E214C52A8A698900E66805 /* Resources */,
			);
			buildRules = (
			);
			dependencies = (
			);
			name = PerqaraTest;
			productName = PerqaraTest;
			productReference = 27E214C72A8A698900E66805 /* PerqaraTest.app */;
			productType = "com.apple.product-type.application";
		};
/* End PBXNativeTarget section */

/* Begin PBXProject section */
		27E214BF2A8A698900E66805 /* Project object */ = {
			isa = PBXProject;
			attributes = {
				BuildIndependentTargetsInParallel = 1;
				LastSwiftUpdateCheck = 1430;
				LastUpgradeCheck = 1430;
				TargetAttributes = {
					27E214C62A8A698900E66805 = {
						CreatedOnToolsVersion = 14.3.1;
					};
				};
			};
			buildConfigurationList = 27E214C22A8A698900E66805 /* Build configuration list for PBXProject "PerqaraTest" */;
			compatibilityVersion = "Xcode 14.0";
			developmentRegion = en;
			hasScannedForEncodings = 0;
			knownRegions = (
				en,
				Base,
			);
			mainGroup = 27E214BE2A8A698900E66805;
			productRefGroup = 27E214C82A8A698900E66805 /* Products */;
			projectDirPath = "";
			projectRoot = "";
			targets = (
				27E214C62A8A698900E66805 /* PerqaraTest */,
			);
		};
/* End PBXProject section */

/* Begin PBXResourcesBuildPhase section */
		27E214C52A8A698900E66805 /* Resources */ = {
			isa = PBXResourcesBuildPhase;
			buildActionMask = 2147483647;
			files = (
				27E215162A8B343B00E66805 /* ListFavoritesViewController.xib in Resources */,
				27E215112A8B33F500E66805 /* ListGamesViewController.xib in Resources */,
				277979B92A8B8381009F9EEB /* DetailViewController.xib in Resources */,
				27E214D72A8A698A00E66805 /* LaunchScreen.storyboard in Resources */,
				27E214D42A8A698A00E66805 /* Assets.xcassets in Resources */,
				27E214D22A8A698900E66805 /* Main.storyboard in Resources */,
				27E215222A8B467D00E66805 /* GameTableViewCell.xib in Resources */,
			);
			runOnlyForDeploymentPostprocessing = 0;
		};
/* End PBXResourcesBuildPhase section */

/* Begin PBXSourcesBuildPhase section */
		27E214C32A8A698900E66805 /* Sources */ = {
			isa = PBXSourcesBuildPhase;
			buildActionMask = 2147483647;
			files = (
				277979D32A8CBA62009F9EEB /* GameModelMapper.swift in Sources */,
				27E215102A8B33F500E66805 /* ListGamesViewController.swift in Sources */,
				277979C22A8C63FA009F9EEB /* UIImageViewExt.swift in Sources */,
				277979C62A8C66FB009F9EEB /* DetailViewModel.swift in Sources */,
				277979CB2A8CAC80009F9EEB /* GameLocalDataSourceProtocol.swift in Sources */,
				277979CD2A8CACA7009F9EEB /* GameLocalDataSource.swift in Sources */,
				27E214FA2A8A7D2200E66805 /* Injection.swift in Sources */,
				277979B82A8B8381009F9EEB /* DetailViewController.swift in Sources */,
				277979C42A8C66ED009F9EEB /* DetailGameUseCase.swift in Sources */,
				27E214E22A8A6E2700E66805 /* NetworkEndpointProtocol.swift in Sources */,
				27E214CF2A8A698900E66805 /* ViewController.swift in Sources */,
				27E214F22A8A783A00E66805 /* GameRemoteDataSourceProtocol.swift in Sources */,
				277979C02A8C5A73009F9EEB /* GameViewModel.swift in Sources */,
				27E2151B2A8B3F2E00E66805 /* ListGamesViewModel.swift in Sources */,
				27E214F02A8A782600E66805 /* GameRemoteDataSource.swift in Sources */,
				27E214FD2A8AF4F700E66805 /* GameModel.swift in Sources */,
				277979D02A8CADAD009F9EEB /* PersistenceController.swift in Sources */,
				277979BD2A8B8799009F9EEB /* LoveButton.swift in Sources */,
				277979D72A8CF827009F9EEB /* ListFavoritesViewModel.swift in Sources */,
				27E214CB2A8A698900E66805 /* AppDelegate.swift in Sources */,
				27E215152A8B343B00E66805 /* ListFavoritesViewController.swift in Sources */,
				27E214F52A8A7B9600E66805 /* GameRepository.swift in Sources */,
				2785FBE12A8D9EE90012A638 /* Alert.swift in Sources */,
				27E214E02A8A6C9500E66805 /* NetworkConfig.swift in Sources */,
				27E214F72A8A7BA300E66805 /* GameRepositoryProtocol.swift in Sources */,
				27E214EC2A8A769B00E66805 /* AppError.swift in Sources */,
				27E214E72A8A710300E66805 /* GameEndpoint.swift in Sources */,
				27E214CD2A8A698900E66805 /* SceneDelegate.swift in Sources */,
				27E215082A8B318400E66805 /* ListGamesUseCase.swift in Sources */,
				27E215002A8AFBA400E66805 /* ListGameResponse.swift in Sources */,
				27E215032A8B244500E66805 /* PublisherModel.swift in Sources */,
				277979C92A8CA6E7009F9EEB /* Game.xcdatamodeld in Sources */,
				27E215192A8B348E00E66805 /* UIColorExt.swift in Sources */,
				277979D52A8CF6FC009F9EEB /* ListFavoritesUseCase.swift in Sources */,
				27E214E92A8A759200E66805 /* NetworkService.swift in Sources */,
				27E2150C2A8B330700E66805 /* TabViewController.swift in Sources */,
				27E215212A8B467D00E66805 /* GameTableViewCell.swift in Sources */,
			);
			runOnlyForDeploymentPostprocessing = 0;
		};
/* End PBXSourcesBuildPhase section */

/* Begin PBXVariantGroup section */
		27E214D02A8A698900E66805 /* Main.storyboard */ = {
			isa = PBXVariantGroup;
			children = (
				27E214D12A8A698900E66805 /* Base */,
			);
			name = Main.storyboard;
			sourceTree = "<group>";
		};
		27E214D52A8A698A00E66805 /* LaunchScreen.storyboard */ = {
			isa = PBXVariantGroup;
			children = (
				27E214D62A8A698A00E66805 /* Base */,
			);
			name = LaunchScreen.storyboard;
			sourceTree = "<group>";
		};
/* End PBXVariantGroup section */

/* Begin XCBuildConfiguration section */
		27E214D92A8A698A00E66805 /* Debug */ = {
			isa = XCBuildConfiguration;
			buildSettings = {
				ALWAYS_SEARCH_USER_PATHS = NO;
				CLANG_ANALYZER_NONNULL = YES;
				CLANG_ANALYZER_NUMBER_OBJECT_CONVERSION = YES_AGGRESSIVE;
				CLANG_CXX_LANGUAGE_STANDARD = "gnu++20";
				CLANG_ENABLE_MODULES = YES;
				CLANG_ENABLE_OBJC_ARC = YES;
				CLANG_ENABLE_OBJC_WEAK = YES;
				CLANG_WARN_BLOCK_CAPTURE_AUTORELEASING = YES;
				CLANG_WARN_BOOL_CONVERSION = YES;
				CLANG_WARN_COMMA = YES;
				CLANG_WARN_CONSTANT_CONVERSION = YES;
				CLANG_WARN_DEPRECATED_OBJC_IMPLEMENTATIONS = YES;
				CLANG_WARN_DIRECT_OBJC_ISA_USAGE = YES_ERROR;
				CLANG_WARN_DOCUMENTATION_COMMENTS = YES;
				CLANG_WARN_EMPTY_BODY = YES;
				CLANG_WARN_ENUM_CONVERSION = YES;
				CLANG_WARN_INFINITE_RECURSION = YES;
				CLANG_WARN_INT_CONVERSION = YES;
				CLANG_WARN_NON_LITERAL_NULL_CONVERSION = YES;
				CLANG_WARN_OBJC_IMPLICIT_RETAIN_SELF = YES;
				CLANG_WARN_OBJC_LITERAL_CONVERSION = YES;
				CLANG_WARN_OBJC_ROOT_CLASS = YES_ERROR;
				CLANG_WARN_QUOTED_INCLUDE_IN_FRAMEWORK_HEADER = YES;
				CLANG_WARN_RANGE_LOOP_ANALYSIS = YES;
				CLANG_WARN_STRICT_PROTOTYPES = YES;
				CLANG_WARN_SUSPICIOUS_MOVE = YES;
				CLANG_WARN_UNGUARDED_AVAILABILITY = YES_AGGRESSIVE;
				CLANG_WARN_UNREACHABLE_CODE = YES;
				CLANG_WARN__DUPLICATE_METHOD_MATCH = YES;
				COPY_PHASE_STRIP = NO;
				DEBUG_INFORMATION_FORMAT = dwarf;
				ENABLE_STRICT_OBJC_MSGSEND = YES;
				ENABLE_TESTABILITY = YES;
				GCC_C_LANGUAGE_STANDARD = gnu11;
				GCC_DYNAMIC_NO_PIC = NO;
				GCC_NO_COMMON_BLOCKS = YES;
				GCC_OPTIMIZATION_LEVEL = 0;
				GCC_PREPROCESSOR_DEFINITIONS = (
					"DEBUG=1",
					"$(inherited)",
				);
				GCC_WARN_64_TO_32_BIT_CONVERSION = YES;
				GCC_WARN_ABOUT_RETURN_TYPE = YES_ERROR;
				GCC_WARN_UNDECLARED_SELECTOR = YES;
				GCC_WARN_UNINITIALIZED_AUTOS = YES_AGGRESSIVE;
				GCC_WARN_UNUSED_FUNCTION = YES;
				GCC_WARN_UNUSED_VARIABLE = YES;
				IPHONEOS_DEPLOYMENT_TARGET = 16.4;
				MTL_ENABLE_DEBUG_INFO = INCLUDE_SOURCE;
				MTL_FAST_MATH = YES;
				ONLY_ACTIVE_ARCH = YES;
				SDKROOT = iphoneos;
				SWIFT_ACTIVE_COMPILATION_CONDITIONS = DEBUG;
				SWIFT_OPTIMIZATION_LEVEL = "-Onone";
			};
			name = Debug;
		};
		27E214DA2A8A698A00E66805 /* Release */ = {
			isa = XCBuildConfiguration;
			buildSettings = {
				ALWAYS_SEARCH_USER_PATHS = NO;
				CLANG_ANALYZER_NONNULL = YES;
				CLANG_ANALYZER_NUMBER_OBJECT_CONVERSION = YES_AGGRESSIVE;
				CLANG_CXX_LANGUAGE_STANDARD = "gnu++20";
				CLANG_ENABLE_MODULES = YES;
				CLANG_ENABLE_OBJC_ARC = YES;
				CLANG_ENABLE_OBJC_WEAK = YES;
				CLANG_WARN_BLOCK_CAPTURE_AUTORELEASING = YES;
				CLANG_WARN_BOOL_CONVERSION = YES;
				CLANG_WARN_COMMA = YES;
				CLANG_WARN_CONSTANT_CONVERSION = YES;
				CLANG_WARN_DEPRECATED_OBJC_IMPLEMENTATIONS = YES;
				CLANG_WARN_DIRECT_OBJC_ISA_USAGE = YES_ERROR;
				CLANG_WARN_DOCUMENTATION_COMMENTS = YES;
				CLANG_WARN_EMPTY_BODY = YES;
				CLANG_WARN_ENUM_CONVERSION = YES;
				CLANG_WARN_INFINITE_RECURSION = YES;
				CLANG_WARN_INT_CONVERSION = YES;
				CLANG_WARN_NON_LITERAL_NULL_CONVERSION = YES;
				CLANG_WARN_OBJC_IMPLICIT_RETAIN_SELF = YES;
				CLANG_WARN_OBJC_LITERAL_CONVERSION = YES;
				CLANG_WARN_OBJC_ROOT_CLASS = YES_ERROR;
				CLANG_WARN_QUOTED_INCLUDE_IN_FRAMEWORK_HEADER = YES;
				CLANG_WARN_RANGE_LOOP_ANALYSIS = YES;
				CLANG_WARN_STRICT_PROTOTYPES = YES;
				CLANG_WARN_SUSPICIOUS_MOVE = YES;
				CLANG_WARN_UNGUARDED_AVAILABILITY = YES_AGGRESSIVE;
				CLANG_WARN_UNREACHABLE_CODE = YES;
				CLANG_WARN__DUPLICATE_METHOD_MATCH = YES;
				COPY_PHASE_STRIP = NO;
				DEBUG_INFORMATION_FORMAT = "dwarf-with-dsym";
				ENABLE_NS_ASSERTIONS = NO;
				ENABLE_STRICT_OBJC_MSGSEND = YES;
				GCC_C_LANGUAGE_STANDARD = gnu11;
				GCC_NO_COMMON_BLOCKS = YES;
				GCC_WARN_64_TO_32_BIT_CONVERSION = YES;
				GCC_WARN_ABOUT_RETURN_TYPE = YES_ERROR;
				GCC_WARN_UNDECLARED_SELECTOR = YES;
				GCC_WARN_UNINITIALIZED_AUTOS = YES_AGGRESSIVE;
				GCC_WARN_UNUSED_FUNCTION = YES;
				GCC_WARN_UNUSED_VARIABLE = YES;
				IPHONEOS_DEPLOYMENT_TARGET = 16.4;
				MTL_ENABLE_DEBUG_INFO = NO;
				MTL_FAST_MATH = YES;
				SDKROOT = iphoneos;
				SWIFT_COMPILATION_MODE = wholemodule;
				SWIFT_OPTIMIZATION_LEVEL = "-O";
				VALIDATE_PRODUCT = YES;
			};
			name = Release;
		};
		27E214DC2A8A698A00E66805 /* Debug */ = {
			isa = XCBuildConfiguration;
			buildSettings = {
				ASSETCATALOG_COMPILER_APPICON_NAME = AppIcon;
				ASSETCATALOG_COMPILER_GLOBAL_ACCENT_COLOR_NAME = AccentColor;
				CODE_SIGN_STYLE = Automatic;
				CURRENT_PROJECT_VERSION = 1;
				GENERATE_INFOPLIST_FILE = YES;
				INFOPLIST_FILE = PerqaraTest/Info.plist;
				INFOPLIST_KEY_UIApplicationSupportsIndirectInputEvents = YES;
				INFOPLIST_KEY_UILaunchStoryboardName = LaunchScreen;
				INFOPLIST_KEY_UIMainStoryboardFile = Main;
				INFOPLIST_KEY_UISupportedInterfaceOrientations_iPad = "UIInterfaceOrientationPortrait UIInterfaceOrientationPortraitUpsideDown UIInterfaceOrientationLandscapeLeft UIInterfaceOrientationLandscapeRight";
				INFOPLIST_KEY_UISupportedInterfaceOrientations_iPhone = "UIInterfaceOrientationPortrait UIInterfaceOrientationLandscapeLeft UIInterfaceOrientationLandscapeRight";
				LD_RUNPATH_SEARCH_PATHS = (
					"$(inherited)",
					"@executable_path/Frameworks",
				);
				MARKETING_VERSION = 1.0;
				PRODUCT_BUNDLE_IDENTIFIER = com.septiadi.PerqaraTest;
				PRODUCT_NAME = "$(TARGET_NAME)";
				SWIFT_EMIT_LOC_STRINGS = YES;
				SWIFT_VERSION = 5.0;
				TARGETED_DEVICE_FAMILY = "1,2";
			};
			name = Debug;
		};
		27E214DD2A8A698A00E66805 /* Release */ = {
			isa = XCBuildConfiguration;
			buildSettings = {
				ASSETCATALOG_COMPILER_APPICON_NAME = AppIcon;
				ASSETCATALOG_COMPILER_GLOBAL_ACCENT_COLOR_NAME = AccentColor;
				CODE_SIGN_STYLE = Automatic;
				CURRENT_PROJECT_VERSION = 1;
				GENERATE_INFOPLIST_FILE = YES;
				INFOPLIST_FILE = PerqaraTest/Info.plist;
				INFOPLIST_KEY_UIApplicationSupportsIndirectInputEvents = YES;
				INFOPLIST_KEY_UILaunchStoryboardName = LaunchScreen;
				INFOPLIST_KEY_UIMainStoryboardFile = Main;
				INFOPLIST_KEY_UISupportedInterfaceOrientations_iPad = "UIInterfaceOrientationPortrait UIInterfaceOrientationPortraitUpsideDown UIInterfaceOrientationLandscapeLeft UIInterfaceOrientationLandscapeRight";
				INFOPLIST_KEY_UISupportedInterfaceOrientations_iPhone = "UIInterfaceOrientationPortrait UIInterfaceOrientationLandscapeLeft UIInterfaceOrientationLandscapeRight";
				LD_RUNPATH_SEARCH_PATHS = (
					"$(inherited)",
					"@executable_path/Frameworks",
				);
				MARKETING_VERSION = 1.0;
				PRODUCT_BUNDLE_IDENTIFIER = com.septiadi.PerqaraTest;
				PRODUCT_NAME = "$(TARGET_NAME)";
				SWIFT_EMIT_LOC_STRINGS = YES;
				SWIFT_VERSION = 5.0;
				TARGETED_DEVICE_FAMILY = "1,2";
			};
			name = Release;
		};
/* End XCBuildConfiguration section */

/* Begin XCConfigurationList section */
		27E214C22A8A698900E66805 /* Build configuration list for PBXProject "PerqaraTest" */ = {
			isa = XCConfigurationList;
			buildConfigurations = (
				27E214D92A8A698A00E66805 /* Debug */,
				27E214DA2A8A698A00E66805 /* Release */,
			);
			defaultConfigurationIsVisible = 0;
			defaultConfigurationName = Release;
		};
		27E214DB2A8A698A00E66805 /* Build configuration list for PBXNativeTarget "PerqaraTest" */ = {
			isa = XCConfigurationList;
			buildConfigurations = (
				27E214DC2A8A698A00E66805 /* Debug */,
				27E214DD2A8A698A00E66805 /* Release */,
			);
			defaultConfigurationIsVisible = 0;
			defaultConfigurationName = Release;
		};
/* End XCConfigurationList section */

/* Begin XCVersionGroup section */
		277979C72A8CA6E7009F9EEB /* Game.xcdatamodeld */ = {
			isa = XCVersionGroup;
			children = (
				277979C82A8CA6E7009F9EEB /* Game.xcdatamodel */,
			);
			currentVersion = 277979C82A8CA6E7009F9EEB /* Game.xcdatamodel */;
			path = Game.xcdatamodeld;
			sourceTree = "<group>";
			versionGroupType = wrapper.xcdatamodel;
		};
/* End XCVersionGroup section */
	};
	rootObject = 27E214BF2A8A698900E66805 /* Project object */;
}
